
Microsoft Visual Studio Solution File, Format Version 10.00
# Visual Studio 2008
Project("{FAE04EC0-301F-11D3-BF4B-00C04F79EFBC}") = "SpeakingClock", "SpeakingClock.csproj", "{6535C67D-79ED-447B-B6E6-DC6D3FF19091}"
EndProject
Global
	GlobalSection(SubversionScc) = preSolution
		Svn-Managed = True
		Manager = AnkhSVN - Subversion Support for Visual Studio
	EndGlobalSection
	GlobalSection(SolutionConfigurationPlatforms) = preSolution
		Debug|Any CPU = Debug|Any CPU
		Release|Any CPU = Release|Any CPU
	EndGlobalSection
	GlobalSection(ProjectConfigurationPlatforms) = postSolution
		{6535C67D-79ED-447B-B6E6-DC6D3FF19091}.Debug|Any CPU.ActiveCfg = Debug|Any CPU
		{6535C67D-79ED-447B-B6E6-DC6D3FF19091}.Debug|Any CPU.Build.0 = Debug|Any CPU
		{6535C67D-79ED-447B-B6E6-DC6D3FF19091}.Release|Any CPU.ActiveCfg = Release|Any CPU
		{6535C67D-79ED-447B-B6E6-DC6D3FF19091}.Release|Any CPU.Build.0 = Release|Any CPU
	EndGlobalSection
	GlobalSection(SolutionProperties) = preSolution
		HideSolutionNode = FALSE
	EndGlobalSection
EndGlobal
